
Microsoft Visual Studio Solution File, Format Version 12.00
# Visual Studio Version 17
VisualStudioVersion = 17.1.32328.378
MinimumVisualStudioVersion = 10.0.40219.1
Project("{FAE04EC0-301F-11D3-BF4B-00C04F79EFBC}") = "Bank Management System", "Bank Management System.csproj", "{29FFD7A5-DF5F-4CC2-BCB8-8C37CF45EF9B}"
EndProject
Global
	GlobalSection(SolutionConfigurationPlatforms) = preSolution
		Debug|Any CPU = Debug|Any CPU
		Release|Any CPU = Release|Any CPU
	EndGlobalSection
	GlobalSection(ProjectConfigurationPlatforms) = postSolution
		{29FFD7A5-DF5F-4CC2-BCB8-8C37CF45EF9B}.Debug|Any CPU.ActiveCfg = Debug|Any CPU
		{29FFD7A5-DF5F-4CC2-BCB8-8C37CF45EF9B}.Debug|Any CPU.Build.0 = Debug|Any CPU
		{29FFD7A5-DF5F-4CC2-BCB8-8C37CF45EF9B}.Release|Any CPU.ActiveCfg = Release|Any CPU
		{29FFD7A5-DF5F-4CC2-BCB8-8C37CF45EF9B}.Release|Any CPU.Build.0 = Release|Any CPU
	EndGlobalSection
	GlobalSection(SolutionProperties) = preSolution
		HideSolutionNode = FALSE
	EndGlobalSection
	GlobalSection(ExtensibilityGlobals) = postSolution
		SolutionGuid = {A609104E-609C-4B57-82E4-5E672937A88A}
	EndGlobalSection
EndGlobal
